
Microsoft Visual Studio Solution File, Format Version 12.00
# Visual Studio 14
VisualStudioVersion = 14.0.25420.1
MinimumVisualStudioVersion = 10.0.40219.1
Project("{FAE04EC0-301F-11D3-BF4B-00C04F79EFBC}") = "Contribute", "Contribute\Contribute.csproj", "{2D124D7A-14B6-4CA7-8AD9-368860D30D12}"
EndProject
Project("{FAE04EC0-301F-11D3-BF4B-00C04F79EFBC}") = "ContributeComponents", "ContributeComponents\ContributeComponents.csproj", "{6CA838D5-0CE8-422F-9665-09F66B121979}"
EndProject
Global
	GlobalSection(SolutionConfigurationPlatforms) = preSolution
		Debug|Any CPU = Debug|Any CPU
		Release|Any CPU = Release|Any CPU
	EndGlobalSection
	GlobalSection(ProjectConfigurationPlatforms) = postSolution
		{2D124D7A-14B6-4CA7-8AD9-368860D30D12}.Debug|Any CPU.ActiveCfg = Debug|Any CPU
		{2D124D7A-14B6-4CA7-8AD9-368860D30D12}.Debug|Any CPU.Build.0 = Debug|Any CPU
		{2D124D7A-14B6-4CA7-8AD9-368860D30D12}.Release|Any CPU.ActiveCfg = Release|Any CPU
		{2D124D7A-14B6-4CA7-8AD9-368860D30D12}.Release|Any CPU.Build.0 = Release|Any CPU
		{6CA838D5-0CE8-422F-9665-09F66B121979}.Debug|Any CPU.ActiveCfg = Debug|Any CPU
		{6CA838D5-0CE8-422F-9665-09F66B121979}.Debug|Any CPU.Build.0 = Debug|Any CPU
		{6CA838D5-0CE8-422F-9665-09F66B121979}.Release|Any CPU.ActiveCfg = Release|Any CPU
		{6CA838D5-0CE8-422F-9665-09F66B121979}.Release|Any CPU.Build.0 = Release|Any CPU
	EndGlobalSection
	GlobalSection(SolutionProperties) = preSolution
		HideSolutionNode = FALSE
	EndGlobalSection
EndGlobal
